// !$*UTF8*$!
{
	archiveVersion = 1;
	classes = {
	};
	objectVersion = 48;
	objects = {

/* Begin PBXBuildFile section */
		5F00248C1FF12DEF00B4F2F8 /* AppDelegate.swift in Sources */ = {isa = PBXBuildFile; fileRef = 5F00248B1FF12DEF00B4F2F8 /* AppDelegate.swift */; };
		5F00248E1FF12DEF00B4F2F8 /* CameraVC.swift in Sources */ = {isa = PBXBuildFile; fileRef = 5F00248D1FF12DEF00B4F2F8 /* CameraVC.swift */; };
		5F0024911FF12DEF00B4F2F8 /* Main.storyboard in Resources */ = {isa = PBXBuildFile; fileRef = 5F00248F1FF12DEF00B4F2F8 /* Main.storyboard */; };
		5F0024931FF12DEF00B4F2F8 /* Assets.xcassets in Resources */ = {isa = PBXBuildFile; fileRef = 5F0024921FF12DEF00B4F2F8 /* Assets.xcassets */; };
		5F0024961FF12DEF00B4F2F8 /* LaunchScreen.storyboard in Resources */ = {isa = PBXBuildFile; fileRef = 5F0024941FF12DEF00B4F2F8 /* LaunchScreen.storyboard */; };
		5F00249E1FF1380A00B4F2F8 /* FlashState.swift in Sources */ = {isa = PBXBuildFile; fileRef = 5F00249D1FF1380A00B4F2F8 /* FlashState.swift */; };
/* End PBXBuildFile section */

/* Begin PBXFileReference section */
		5F0024881FF12DEF00B4F2F8 /* CameraProximity.app */ = {isa = PBXFileReference; explicitFileType = wrapper.application; includeInIndex = 0; path = CameraProximity.app; sourceTree = BUILT_PRODUCTS_DIR; };
		5F00248B1FF12DEF00B4F2F8 /* AppDelegate.swift */ = {isa = PBXFileReference; lastKnownFileType = sourcecode.swift; path = AppDelegate.swift; sourceTree = "<group>"; };
		5F00248D1FF12DEF00B4F2F8 /* CameraVC.swift */ = {isa = PBXFileReference; lastKnownFileType = sourcecode.swift; path = CameraVC.swift; sourceTree = "<group>"; };
		5F0024901FF12DEF00B4F2F8 /* Base */ = {isa = PBXFileReference; lastKnownFileType = file.storyboard; name = Base; path = Base.lproj/Main.storyboard; sourceTree = "<group>"; };
		5F0024921FF12DEF00B4F2F8 /* Assets.xcassets */ = {isa = PBXFileReference; lastKnownFileType = folder.assetcatalog; path = Assets.xcassets; sourceTree = "<group>"; };
		5F0024951FF12DEF00B4F2F8 /* Base */ = {isa = PBXFileReference; lastKnownFileType = file.storyboard; name = Base; path = Base.lproj/LaunchScreen.storyboard; sourceTree = "<group>"; };
		5F0024971FF12DEF00B4F2F8 /* Info.plist */ = {isa = PBXFileReference; lastKnownFileType = text.plist.xml; path = Info.plist; sourceTree = "<group>"; };
		5F00249D1FF1380A00B4F2F8 /* FlashState.swift */ = {isa = PBXFileReference; lastKnownFileType = sourcecode.swift; path = FlashState.swift; sourceTree = "<group>"; };
/* End PBXFileReference section */

/* Begin PBXFrameworksBuildPhase section */
		5F0024851FF12DEF00B4F2F8 /* Frameworks */ = {
			isa = PBXFrameworksBuildPhase;
			buildActionMask = 2147483647;
			files = (
			);
			runOnlyForDeploymentPostprocessing = 0;
		};
/* End PBXFrameworksBuildPhase section */

/* Begin PBXGroup section */
		5F00247F1FF12DEF00B4F2F8 = {
			isa = PBXGroup;
			children = (
				5F00248A1FF12DEF00B4F2F8 /* CameraProximity */,
				5F0024891FF12DEF00B4F2F8 /* Products */,
			);
			sourceTree = "<group>";
		};
		5F0024891FF12DEF00B4F2F8 /* Products */ = {
			isa = PBXGroup;
			children = (
				5F0024881FF12DEF00B4F2F8 /* CameraProximity.app */,
			);
			name = Products;
			sourceTree = "<group>";
		};
		5F00248A1FF12DEF00B4F2F8 /* CameraProximity */ = {
			isa = PBXGroup;
			children = (
				5F00249F1FF138D700B4F2F8 /* Enums */,
				5F0024A01FF138DB00B4F2F8 /* Controllers */,
				5F00248B1FF12DEF00B4F2F8 /* AppDelegate.swift */,
				5F00248F1FF12DEF00B4F2F8 /* Main.storyboard */,
				5F0024921FF12DEF00B4F2F8 /* Assets.xcassets */,
				5F0024941FF12DEF00B4F2F8 /* LaunchScreen.storyboard */,
				5F0024971FF12DEF00B4F2F8 /* Info.plist */,
			);
			path = CameraProximity;
			sourceTree = "<group>";
		};
		5F00249F1FF138D700B4F2F8 /* Enums */ = {
			isa = PBXGroup;
			children = (
				5F00249D1FF1380A00B4F2F8 /* FlashState.swift */,
			);
			path = Enums;
			sourceTree = "<group>";
		};
		5F0024A01FF138DB00B4F2F8 /* Controllers */ = {
			isa = PBXGroup;
			children = (
				5F00248D1FF12DEF00B4F2F8 /* CameraVC.swift */,
			);
			path = Controllers;
			sourceTree = "<group>";
		};
/* End PBXGroup section */

/* Begin PBXNativeTarget section */
		5F0024871FF12DEF00B4F2F8 /* CameraProximity */ = {
			isa = PBXNativeTarget;
			buildConfigurationList = 5F00249A1FF12DEF00B4F2F8 /* Build configuration list for PBXNativeTarget "CameraProximity" */;
			buildPhases = (
				5F0024841FF12DEF00B4F2F8 /* Sources */,
				5F0024851FF12DEF00B4F2F8 /* Frameworks */,
				5F0024861FF12DEF00B4F2F8 /* Resources */,
			);
			buildRules = (
			);
			dependencies = (
			);
			name = CameraProximity;
			productName = CameraProximity;
			productReference = 5F0024881FF12DEF00B4F2F8 /* CameraProximity.app */;
			productType = "com.apple.product-type.application";
		};
/* End PBXNativeTarget section */

/* Begin PBXProject section */
		5F0024801FF12DEF00B4F2F8 /* Project object */ = {
			isa = PBXProject;
			attributes = {
				LastSwiftUpdateCheck = 0920;
				LastUpgradeCheck = 0920;
				ORGANIZATIONNAME = "Marcus Ng";
				TargetAttributes = {
					5F0024871FF12DEF00B4F2F8 = {
						CreatedOnToolsVersion = 9.2;
						ProvisioningStyle = Automatic;
					};
				};
			};
			buildConfigurationList = 5F0024831FF12DEF00B4F2F8 /* Build configuration list for PBXProject "CameraProximity" */;
			compatibilityVersion = "Xcode 8.0";
			developmentRegion = en;
			hasScannedForEncodings = 0;
			knownRegions = (
				en,
				Base,
			);
			mainGroup = 5F00247F1FF12DEF00B4F2F8;
			productRefGroup = 5F0024891FF12DEF00B4F2F8 /* Products */;
			projectDirPath = "";
			projectRoot = "";
			targets = (
				5F0024871FF12DEF00B4F2F8 /* CameraProximity */,
			);
		};
/* End PBXProject section */

/* Begin PBXResourcesBuildPhase section */
		5F0024861FF12DEF00B4F2F8 /* Resources */ = {
			isa = PBXResourcesBuildPhase;
			buildActionMask = 2147483647;
			files = (
				5F0024961FF12DEF00B4F2F8 /* LaunchScreen.storyboard in Resources */,
				5F0024931FF12DEF00B4F2F8 /* Assets.xcassets in Resources */,
				5F0024911FF12DEF00B4F2F8 /* Main.storyboard in Resources */,
			);
			runOnlyForDeploymentPostprocessing = 0;
		};
/* End PBXResourcesBuildPhase section */

/* Begin PBXSourcesBuildPhase section */
		5F0024841FF12DEF00B4F2F8 /* Sources */ = {
			isa = PBXSourcesBuildPhase;
			buildActionMask = 2147483647;
			files = (
				5F00249E1FF1380A00B4F2F8 /* FlashState.swift in Sources */,
				5F00248E1FF12DEF00B4F2F8 /* CameraVC.swift in Sources */,
				5F00248C1FF12DEF00B4F2F8 /* AppDelegate.swift in Sources */,
			);
			runOnlyForDeploymentPostprocessing = 0;
		};
/* End PBXSourcesBuildPhase section */

/* Begin PBXVariantGroup section */
		5F00248F1FF12DEF00B4F2F8 /* Main.storyboard */ = {
			isa = PBXVariantGroup;
			children = (
				5F0024901FF12DEF00B4F2F8 /* Base */,
			);
			name = Main.storyboard;
			sourceTree = "<group>";
		};
		5F0024941FF12DEF00B4F2F8 /* LaunchScreen.storyboard */ = {
			isa = PBXVariantGroup;
			children = (
				5F0024951FF12DEF00B4F2F8 /* Base */,
			);
			name = LaunchScreen.storyboard;
			sourceTree = "<group>";
		};
/* End PBXVariantGroup section */

/* Begin XCBuildConfiguration section */
		5F0024981FF12DEF00B4F2F8 /* Debug */ = {
			isa = XCBuildConfiguration;
			buildSettings = {
				ALWAYS_SEARCH_USER_PATHS = NO;
				CLANG_ANALYZER_NONNULL = YES;
				CLANG_ANALYZER_NUMBER_OBJECT_CONVERSION = YES_AGGRESSIVE;
				CLANG_CXX_LANGUAGE_STANDARD = "gnu++14";
				CLANG_CXX_LIBRARY = "libc++";
				CLANG_ENABLE_MODULES = YES;
				CLANG_ENABLE_OBJC_ARC = YES;
				CLANG_WARN_BLOCK_CAPTURE_AUTORELEASING = YES;
				CLANG_WARN_BOOL_CONVERSION = YES;
				CLANG_WARN_COMMA = YES;
				CLANG_WARN_CONSTANT_CONVERSION = YES;
				CLANG_WARN_DIRECT_OBJC_ISA_USAGE = YES_ERROR;
				CLANG_WARN_DOCUMENTATION_COMMENTS = YES;
				CLANG_WARN_EMPTY_BODY = YES;
				CLANG_WARN_ENUM_CONVERSION = YES;
				CLANG_WARN_INFINITE_RECURSION = YES;
				CLANG_WARN_INT_CONVERSION = YES;
				CLANG_WARN_NON_LITERAL_NULL_CONVERSION = YES;
				CLANG_WARN_OBJC_LITERAL_CONVERSION = YES;
				CLANG_WARN_OBJC_ROOT_CLASS = YES_ERROR;
				CLANG_WARN_RANGE_LOOP_ANALYSIS = YES;
				CLANG_WARN_STRICT_PROTOTYPES = YES;
				CLANG_WARN_SUSPICIOUS_MOVE = YES;
				CLANG_WARN_UNGUARDED_AVAILABILITY = YES_AGGRESSIVE;
				CLANG_WARN_UNREACHABLE_CODE = YES;
				CLANG_WARN__DUPLICATE_METHOD_MATCH = YES;
				CODE_SIGN_IDENTITY = "iPhone Developer";
				COPY_PHASE_STRIP = NO;
				DEBUG_INFORMATION_FORMAT = dwarf;
				ENABLE_STRICT_OBJC_MSGSEND = YES;
				ENABLE_TESTABILITY = YES;
				GCC_C_LANGUAGE_STANDARD = gnu11;
				GCC_DYNAMIC_NO_PIC = NO;
				GCC_NO_COMMON_BLOCKS = YES;
				GCC_OPTIMIZATION_LEVEL = 0;
				GCC_PREPROCESSOR_DEFINITIONS = (
					"DEBUG=1",
					"$(inherited)",
				);
				GCC_WARN_64_TO_32_BIT_CONVERSION = YES;
				GCC_WARN_ABOUT_RETURN_TYPE = YES_ERROR;
				GCC_WARN_UNDECLARED_SELECTOR = YES;
				GCC_WARN_UNINITIALIZED_AUTOS = YES_AGGRESSIVE;
				GCC_WARN_UNUSED_FUNCTION = YES;
				GCC_WARN_UNUSED_VARIABLE = YES;
				IPHONEOS_DEPLOYMENT_TARGET = 11.2;
				MTL_ENABLE_DEBUG_INFO = YES;
				ONLY_ACTIVE_ARCH = YES;
				SDKROOT = iphoneos;
				SWIFT_ACTIVE_COMPILATION_CONDITIONS = DEBUG;
				SWIFT_OPTIMIZATION_LEVEL = "-Onone";
			};
			name = Debug;
		};
		5F0024991FF12DEF00B4F2F8 /* Release */ = {
			isa = XCBuildConfiguration;
			buildSettings = {
				ALWAYS_SEARCH_USER_PATHS = NO;
				CLANG_ANALYZER_NONNULL = YES;
				CLANG_ANALYZER_NUMBER_OBJECT_CONVERSION = YES_AGGRESSIVE;
				CLANG_CXX_LANGUAGE_STANDARD = "gnu++14";
				CLANG_CXX_LIBRARY = "libc++";
				CLANG_ENABLE_MODULES = YES;
				CLANG_ENABLE_OBJC_ARC = YES;
				CLANG_WARN_BLOCK_CAPTURE_AUTORELEASING = YES;
				CLANG_WARN_BOOL_CONVERSION = YES;
				CLANG_WARN_COMMA = YES;
				CLANG_WARN_CONSTANT_CONVERSION = YES;
				CLANG_WARN_DIRECT_OBJC_ISA_USAGE = YES_ERROR;
				CLANG_WARN_DOCUMENTATION_COMMENTS = YES;
				CLANG_WARN_EMPTY_BODY = YES;
				CLANG_WARN_ENUM_CONVERSION = YES;
				CLANG_WARN_INFINITE_RECURSION = YES;
				CLANG_WARN_INT_CONVERSION = YES;
				CLANG_WARN_NON_LITERAL_NULL_CONVERSION = YES;
				CLANG_WARN_OBJC_LITERAL_CONVERSION = YES;
				CLANG_WARN_OBJC_ROOT_CLASS = YES_ERROR;
				CLANG_WARN_RANGE_LOOP_ANALYSIS = YES;
				CLANG_WARN_STRICT_PROTOTYPES = YES;
				CLANG_WARN_SUSPICIOUS_MOVE = YES;
				CLANG_WARN_UNGUARDED_AVAILABILITY = YES_AGGRESSIVE;
				CLANG_WARN_UNREACHABLE_CODE = YES;
				CLANG_WARN__DUPLICATE_METHOD_MATCH = YES;
				CODE_SIGN_IDENTITY = "iPhone Developer";
				COPY_PHASE_STRIP = NO;
				DEBUG_INFORMATION_FORMAT = "dwarf-with-dsym";
				ENABLE_NS_ASSERTIONS = NO;
				ENABLE_STRICT_OBJC_MSGSEND = YES;
				GCC_C_LANGUAGE_STANDARD = gnu11;
				GCC_NO_COMMON_BLOCKS = YES;
				GCC_WARN_64_TO_32_BIT_CONVERSION = YES;
				GCC_WARN_ABOUT_RETURN_TYPE = YES_ERROR;
				GCC_WARN_UNDECLARED_SELECTOR = YES;
				GCC_WARN_UNINITIALIZED_AUTOS = YES_AGGRESSIVE;
				GCC_WARN_UNUSED_FUNCTION = YES;
				GCC_WARN_UNUSED_VARIABLE = YES;
				IPHONEOS_DEPLOYMENT_TARGET = 11.2;
				MTL_ENABLE_DEBUG_INFO = NO;
				SDKROOT = iphoneos;
				SWIFT_OPTIMIZATION_LEVEL = "-Owholemodule";
				VALIDATE_PRODUCT = YES;
			};
			name = Release;
		};
		5F00249B1FF12DEF00B4F2F8 /* Debug */ = {
			isa = XCBuildConfiguration;
			buildSettings = {
				ASSETCATALOG_COMPILER_APPICON_NAME = AppIcon;
				CODE_SIGN_STYLE = Automatic;
				DEVELOPMENT_TEAM = 8YCPCF4H7X;
				INFOPLIST_FILE = CameraProximity/Info.plist;
				IPHONEOS_DEPLOYMENT_TARGET = 11.0;
				LD_RUNPATH_SEARCH_PATHS = "$(inherited) @executable_path/Frameworks";
				PRODUCT_BUNDLE_IDENTIFIER = com.MarcusNg.CameraProximity;
				PRODUCT_NAME = "$(TARGET_NAME)";
				SWIFT_VERSION = 4.0;
				TARGETED_DEVICE_FAMILY = "1,2";
			};
			name = Debug;
		};
		5F00249C1FF12DEF00B4F2F8 /* Release */ = {
			isa = XCBuildConfiguration;
			buildSettings = {
				ASSETCATALOG_COMPILER_APPICON_NAME = AppIcon;
				CODE_SIGN_STYLE = Automatic;
				DEVELOPMENT_TEAM = 8YCPCF4H7X;
				INFOPLIST_FILE = CameraProximity/Info.plist;
				IPHONEOS_DEPLOYMENT_TARGET = 11.0;
				LD_RUNPATH_SEARCH_PATHS = "$(inherited) @executable_path/Frameworks";
				PRODUCT_BUNDLE_IDENTIFIER = com.MarcusNg.CameraProximity;
				PRODUCT_NAME = "$(TARGET_NAME)";
				SWIFT_VERSION = 4.0;
				TARGETED_DEVICE_FAMILY = "1,2";
			};
			name = Release;
		};
/* End XCBuildConfiguration section */

/* Begin XCConfigurationList section */
		5F0024831FF12DEF00B4F2F8 /* Build configuration list for PBXProject "CameraProximity" */ = {
			isa = XCConfigurationList;
			buildConfigurations = (
				5F0024981FF12DEF00B4F2F8 /* Debug */,
				5F0024991FF12DEF00B4F2F8 /* Release */,
			);
			defaultConfigurationIsVisible = 0;
			defaultConfigurationName = Release;
		};
		5F00249A1FF12DEF00B4F2F8 /* Build configuration list for PBXNativeTarget "CameraProximity" */ = {
			isa = XCConfigurationList;
			buildConfigurations = (
				5F00249B1FF12DEF00B4F2F8 /* Debug */,
				5F00249C1FF12DEF00B4F2F8 /* Release */,
			);
			defaultConfigurationIsVisible = 0;
			defaultConfigurationName = Release;
		};
/* End XCConfigurationList section */
	};
	rootObject = 5F0024801FF12DEF00B4F2F8 /* Project object */;
}
